
Microsoft Visual Studio Solution File, Format Version 12.00
# Visual Studio Version 17
VisualStudioVersion = 17.8.34322.80
MinimumVisualStudioVersion = 10.0.40219.1
Project("{9A19103F-16F7-4668-BE54-9A1E7A4F7556}") = "BookmarkSample", ".NET Framework\BookmarkSample\BookmarkSample.csproj", "{09B551B4-D624-42C2-B0EC-7A5B4F13CFA7}"
EndProject
Project("{9A19103F-16F7-4668-BE54-9A1E7A4F7556}") = "Helpers", ".NET Framework\Helpers\Helpers.csproj", "{CB9DD620-32C9-4DF6-B528-F0152383200D}"
EndProject
Project("{9A19103F-16F7-4668-BE54-9A1E7A4F7556}") = "LiveSample", ".NET Framework\LiveSample\LiveSample.csproj", "{D07316F6-0EE2-4E4A-81FE-430348332575}"
EndProject
Project("{9A19103F-16F7-4668-BE54-9A1E7A4F7556}") = "PlaybackSample", ".NET Framework\PlaybackSample\PlaybackSample.csproj", "{A7769739-B590-4CA4-A998-5599A2921421}"
EndProject
Project("{9A19103F-16F7-4668-BE54-9A1E7A4F7556}") = "PtzSample", ".NET Framework\PtzSample\PtzSample.csproj", "{47E0F7EA-B0D3-4D8E-8EBD-CF94E007ECAD}"
EndProject
Project("{2150E333-8FDC-42A3-9474-1A3956D46DE8}") = "WinForms", "WinForms", "{58F7D908-CFCC-44F9-947A-DF3CB5C8970C}"
EndProject
Project("{2150E333-8FDC-42A3-9474-1A3956D46DE8}") = "Xamarin", "Xamarin", "{E0117077-35B3-4045-A3DE-58C1CA5CC6A8}"
EndProject
Project("{FAE04EC0-301F-11D3-BF4B-00C04F79EFBC}") = "LiveSample.Android", "Xamarin\LiveSample\LiveSample.Android\LiveSample.Android.csproj", "{9590E1C3-19F4-4C50-A692-63C78F1B4DF9}"
EndProject
Project("{9A19103F-16F7-4668-BE54-9A1E7A4F7556}") = "MobileSDKXamarinShared", "Xamarin\LiveSample\MobileSDKXamarinShared\MobileSDKXamarinShared.csproj", "{3192BCA3-43A1-44F1-87A0-1DF05C9FD3A3}"
EndProject
Project("{FAE04EC0-301F-11D3-BF4B-00C04F79EFBC}") = "LiveSample.iOS", "Xamarin\LiveSample\LiveSample.iOS\LiveSample.iOS.csproj", "{2DEB9F85-90A5-4DED-926F-44DCD5A46C28}"
EndProject
Global
	GlobalSection(SolutionConfigurationPlatforms) = preSolution
		Debug|Any CPU = Debug|Any CPU
		Debug|ARM = Debug|ARM
		Debug|ARM64 = Debug|ARM64
		Debug|iPhone = Debug|iPhone
		Debug|iPhoneSimulator = Debug|iPhoneSimulator
		Debug|x64 = Debug|x64
		Debug|x86 = Debug|x86
		Release|Any CPU = Release|Any CPU
		Release|ARM = Release|ARM
		Release|ARM64 = Release|ARM64
		Release|iPhone = Release|iPhone
		Release|iPhoneSimulator = Release|iPhoneSimulator
		Release|x64 = Release|x64
		Release|x86 = Release|x86
	EndGlobalSection
	GlobalSection(ProjectConfigurationPlatforms) = postSolution
		{09B551B4-D624-42C2-B0EC-7A5B4F13CFA7}.Debug|Any CPU.ActiveCfg = Debug|Any CPU
		{09B551B4-D624-42C2-B0EC-7A5B4F13CFA7}.Debug|Any CPU.Build.0 = Debug|Any CPU
		{09B551B4-D624-42C2-B0EC-7A5B4F13CFA7}.Debug|ARM.ActiveCfg = Debug|Any CPU
		{09B551B4-D624-42C2-B0EC-7A5B4F13CFA7}.Debug|ARM.Build.0 = Debug|Any CPU
		{09B551B4-D624-42C2-B0EC-7A5B4F13CFA7}.Debug|ARM64.ActiveCfg = Debug|Any CPU
		{09B551B4-D624-42C2-B0EC-7A5B4F13CFA7}.Debug|ARM64.Build.0 = Debug|Any CPU
		{09B551B4-D624-42C2-B0EC-7A5B4F13CFA7}.Debug|iPhone.ActiveCfg = Debug|Any CPU
		{09B551B4-D624-42C2-B0EC-7A5B4F13CFA7}.Debug|iPhone.Build.0 = Debug|Any CPU
		{09B551B4-D624-42C2-B0EC-7A5B4F13CFA7}.Debug|iPhoneSimulator.ActiveCfg = Debug|Any CPU
		{09B551B4-D624-42C2-B0EC-7A5B4F13CFA7}.Debug|iPhoneSimulator.Build.0 = Debug|Any CPU
		{09B551B4-D624-42C2-B0EC-7A5B4F13CFA7}.Debug|x64.ActiveCfg = Debug|x64
		{09B551B4-D624-42C2-B0EC-7A5B4F13CFA7}.Debug|x64.Build.0 = Debug|x64
		{09B551B4-D624-42C2-B0EC-7A5B4F13CFA7}.Debug|x86.ActiveCfg = Debug|Any CPU
		{09B551B4-D624-42C2-B0EC-7A5B4F13CFA7}.Debug|x86.Build.0 = Debug|Any CPU
		{09B551B4-D624-42C2-B0EC-7A5B4F13CFA7}.Release|Any CPU.ActiveCfg = Release|Any CPU
		{09B551B4-D624-42C2-B0EC-7A5B4F13CFA7}.Release|Any CPU.Build.0 = Release|Any CPU
		{09B551B4-D624-42C2-B0EC-7A5B4F13CFA7}.Release|ARM.ActiveCfg = Release|Any CPU
		{09B551B4-D624-42C2-B0EC-7A5B4F13CFA7}.Release|ARM.Build.0 = Release|Any CPU
		{09B551B4-D624-42C2-B0EC-7A5B4F13CFA7}.Release|ARM64.ActiveCfg = Release|Any CPU
		{09B551B4-D624-42C2-B0EC-7A5B4F13CFA7}.Release|ARM64.Build.0 = Release|Any CPU
		{09B551B4-D624-42C2-B0EC-7A5B4F13CFA7}.Release|iPhone.ActiveCfg = Release|Any CPU
		{09B551B4-D624-42C2-B0EC-7A5B4F13CFA7}.Release|iPhone.Build.0 = Release|Any CPU
		{09B551B4-D624-42C2-B0EC-7A5B4F13CFA7}.Release|iPhoneSimulator.ActiveCfg = Release|Any CPU
		{09B551B4-D624-42C2-B0EC-7A5B4F13CFA7}.Release|iPhoneSimulator.Build.0 = Release|Any CPU
		{09B551B4-D624-42C2-B0EC-7A5B4F13CFA7}.Release|x64.ActiveCfg = Release|x64
		{09B551B4-D624-42C2-B0EC-7A5B4F13CFA7}.Release|x64.Build.0 = Release|x64
		{09B551B4-D624-42C2-B0EC-7A5B4F13CFA7}.Release|x86.ActiveCfg = Release|Any CPU
		{09B551B4-D624-42C2-B0EC-7A5B4F13CFA7}.Release|x86.Build.0 = Release|Any CPU
		{CB9DD620-32C9-4DF6-B528-F0152383200D}.Debug|Any CPU.ActiveCfg = Debug|Any CPU
		{CB9DD620-32C9-4DF6-B528-F0152383200D}.Debug|Any CPU.Build.0 = Debug|Any CPU
		{CB9DD620-32C9-4DF6-B528-F0152383200D}.Debug|ARM.ActiveCfg = Debug|Any CPU
		{CB9DD620-32C9-4DF6-B528-F0152383200D}.Debug|ARM.Build.0 = Debug|Any CPU
		{CB9DD620-32C9-4DF6-B528-F0152383200D}.Debug|ARM64.ActiveCfg = Debug|Any CPU
		{CB9DD620-32C9-4DF6-B528-F0152383200D}.Debug|ARM64.Build.0 = Debug|Any CPU
		{CB9DD620-32C9-4DF6-B528-F0152383200D}.Debug|iPhone.ActiveCfg = Debug|Any CPU
		{CB9DD620-32C9-4DF6-B528-F0152383200D}.Debug|iPhone.Build.0 = Debug|Any CPU
		{CB9DD620-32C9-4DF6-B528-F0152383200D}.Debug|iPhoneSimulator.ActiveCfg = Debug|Any CPU
		{CB9DD620-32C9-4DF6-B528-F0152383200D}.Debug|iPhoneSimulator.Build.0 = Debug|Any CPU
		{CB9DD620-32C9-4DF6-B528-F0152383200D}.Debug|x64.ActiveCfg = Debug|x64
		{CB9DD620-32C9-4DF6-B528-F0152383200D}.Debug|x64.Build.0 = Debug|x64
		{CB9DD620-32C9-4DF6-B528-F0152383200D}.Debug|x86.ActiveCfg = Debug|Any CPU
		{CB9DD620-32C9-4DF6-B528-F0152383200D}.Debug|x86.Build.0 = Debug|Any CPU
		{CB9DD620-32C9-4DF6-B528-F0152383200D}.Release|Any CPU.ActiveCfg = Release|Any CPU
		{CB9DD620-32C9-4DF6-B528-F0152383200D}.Release|Any CPU.Build.0 = Release|Any CPU
		{CB9DD620-32C9-4DF6-B528-F0152383200D}.Release|ARM.ActiveCfg = Release|Any CPU
		{CB9DD620-32C9-4DF6-B528-F0152383200D}.Release|ARM.Build.0 = Release|Any CPU
		{CB9DD620-32C9-4DF6-B528-F0152383200D}.Release|ARM64.ActiveCfg = Release|Any CPU
		{CB9DD620-32C9-4DF6-B528-F0152383200D}.Release|ARM64.Build.0 = Release|Any CPU
		{CB9DD620-32C9-4DF6-B528-F0152383200D}.Release|iPhone.ActiveCfg = Release|Any CPU
		{CB9DD620-32C9-4DF6-B528-F0152383200D}.Release|iPhone.Build.0 = Release|Any CPU
		{CB9DD620-32C9-4DF6-B528-F0152383200D}.Release|iPhoneSimulator.ActiveCfg = Release|Any CPU
		{CB9DD620-32C9-4DF6-B528-F0152383200D}.Release|iPhoneSimulator.Build.0 = Release|Any CPU
		{CB9DD620-32C9-4DF6-B528-F0152383200D}.Release|x64.ActiveCfg = Release|x64
		{CB9DD620-32C9-4DF6-B528-F0152383200D}.Release|x64.Build.0 = Release|x64
		{CB9DD620-32C9-4DF6-B528-F0152383200D}.Release|x86.ActiveCfg = Release|Any CPU
		{CB9DD620-32C9-4DF6-B528-F0152383200D}.Release|x86.Build.0 = Release|Any CPU
		{D07316F6-0EE2-4E4A-81FE-430348332575}.Debug|Any CPU.ActiveCfg = Debug|Any CPU
		{D07316F6-0EE2-4E4A-81FE-430348332575}.Debug|Any CPU.Build.0 = Debug|Any CPU
		{D07316F6-0EE2-4E4A-81FE-430348332575}.Debug|ARM.ActiveCfg = Debug|Any CPU
		{D07316F6-0EE2-4E4A-81FE-430348332575}.Debug|ARM.Build.0 = Debug|Any CPU
		{D07316F6-0EE2-4E4A-81FE-430348332575}.Debug|ARM64.ActiveCfg = Debug|Any CPU
		{D07316F6-0EE2-4E4A-81FE-430348332575}.Debug|ARM64.Build.0 = Debug|Any CPU
		{D07316F6-0EE2-4E4A-81FE-430348332575}.Debug|iPhone.ActiveCfg = Debug|Any CPU
		{D07316F6-0EE2-4E4A-81FE-430348332575}.Debug|iPhone.Build.0 = Debug|Any CPU
		{D07316F6-0EE2-4E4A-81FE-430348332575}.Debug|iPhoneSimulator.ActiveCfg = Debug|Any CPU
		{D07316F6-0EE2-4E4A-81FE-430348332575}.Debug|iPhoneSimulator.Build.0 = Debug|Any CPU
		{D07316F6-0EE2-4E4A-81FE-430348332575}.Debug|x64.ActiveCfg = Debug|x64
		{D07316F6-0EE2-4E4A-81FE-430348332575}.Debug|x64.Build.0 = Debug|x64
		{D07316F6-0EE2-4E4A-81FE-430348332575}.Debug|x86.ActiveCfg = Debug|Any CPU
		{D07316F6-0EE2-4E4A-81FE-430348332575}.Debug|x86.Build.0 = Debug|Any CPU
		{D07316F6-0EE2-4E4A-81FE-430348332575}.Release|Any CPU.ActiveCfg = Release|Any CPU
		{D07316F6-0EE2-4E4A-81FE-430348332575}.Release|Any CPU.Build.0 = Release|Any CPU
		{D07316F6-0EE2-4E4A-81FE-430348332575}.Release|ARM.ActiveCfg = Release|Any CPU
		{D07316F6-0EE2-4E4A-81FE-430348332575}.Release|ARM.Build.0 = Release|Any CPU
		{D07316F6-0EE2-4E4A-81FE-430348332575}.Release|ARM64.ActiveCfg = Release|Any CPU
		{D07316F6-0EE2-4E4A-81FE-430348332575}.Release|ARM64.Build.0 = Release|Any CPU
		{D07316F6-0EE2-4E4A-81FE-430348332575}.Release|iPhone.ActiveCfg = Release|Any CPU
		{D07316F6-0EE2-4E4A-81FE-430348332575}.Release|iPhone.Build.0 = Release|Any CPU
		{D07316F6-0EE2-4E4A-81FE-430348332575}.Release|iPhoneSimulator.ActiveCfg = Release|Any CPU
		{D07316F6-0EE2-4E4A-81FE-430348332575}.Release|iPhoneSimulator.Build.0 = Release|Any CPU
		{D07316F6-0EE2-4E4A-81FE-430348332575}.Release|x64.ActiveCfg = Release|x64
		{D07316F6-0EE2-4E4A-81FE-430348332575}.Release|x64.Build.0 = Release|x64
		{D07316F6-0EE2-4E4A-81FE-430348332575}.Release|x86.ActiveCfg = Release|Any CPU
		{D07316F6-0EE2-4E4A-81FE-430348332575}.Release|x86.Build.0 = Release|Any CPU
		{A7769739-B590-4CA4-A998-5599A2921421}.Debug|Any CPU.ActiveCfg = Debug|Any CPU
		{A7769739-B590-4CA4-A998-5599A2921421}.Debug|Any CPU.Build.0 = Debug|Any CPU
		{A7769739-B590-4CA4-A998-5599A2921421}.Debug|ARM.ActiveCfg = Debug|Any CPU
		{A7769739-B590-4CA4-A998-5599A2921421}.Debug|ARM.Build.0 = Debug|Any CPU
		{A7769739-B590-4CA4-A998-5599A2921421}.Debug|ARM64.ActiveCfg = Debug|Any CPU
		{A7769739-B590-4CA4-A998-5599A2921421}.Debug|ARM64.Build.0 = Debug|Any CPU
		{A7769739-B590-4CA4-A998-5599A2921421}.Debug|iPhone.ActiveCfg = Debug|Any CPU
		{A7769739-B590-4CA4-A998-5599A2921421}.Debug|iPhone.Build.0 = Debug|Any CPU
		{A7769739-B590-4CA4-A998-5599A2921421}.Debug|iPhoneSimulator.ActiveCfg = Debug|Any CPU
		{A7769739-B590-4CA4-A998-5599A2921421}.Debug|iPhoneSimulator.Build.0 = Debug|Any CPU
		{A7769739-B590-4CA4-A998-5599A2921421}.Debug|x64.ActiveCfg = Debug|x64
		{A7769739-B590-4CA4-A998-5599A2921421}.Debug|x64.Build.0 = Debug|x64
		{A7769739-B590-4CA4-A998-5599A2921421}.Debug|x86.ActiveCfg = Debug|Any CPU
		{A7769739-B590-4CA4-A998-5599A2921421}.Debug|x86.Build.0 = Debug|Any CPU
		{A7769739-B590-4CA4-A998-5599A2921421}.Release|Any CPU.ActiveCfg = Release|Any CPU
		{A7769739-B590-4CA4-A998-5599A2921421}.Release|Any CPU.Build.0 = Release|Any CPU
		{A7769739-B590-4CA4-A998-5599A2921421}.Release|ARM.ActiveCfg = Release|Any CPU
		{A7769739-B590-4CA4-A998-5599A2921421}.Release|ARM.Build.0 = Release|Any CPU
		{A7769739-B590-4CA4-A998-5599A2921421}.Release|ARM64.ActiveCfg = Release|Any CPU
		{A7769739-B590-4CA4-A998-5599A2921421}.Release|ARM64.Build.0 = Release|Any CPU
		{A7769739-B590-4CA4-A998-5599A2921421}.Release|iPhone.ActiveCfg = Release|Any CPU
		{A7769739-B590-4CA4-A998-5599A2921421}.Release|iPhone.Build.0 = Release|Any CPU
		{A7769739-B590-4CA4-A998-5599A2921421}.Release|iPhoneSimulator.ActiveCfg = Release|Any CPU
		{A7769739-B590-4CA4-A998-5599A2921421}.Release|iPhoneSimulator.Build.0 = Release|Any CPU
		{A7769739-B590-4CA4-A998-5599A2921421}.Release|x64.ActiveCfg = Release|x64
		{A7769739-B590-4CA4-A998-5599A2921421}.Release|x64.Build.0 = Release|x64
		{A7769739-B590-4CA4-A998-5599A2921421}.Release|x86.ActiveCfg = Release|Any CPU
		{A7769739-B590-4CA4-A998-5599A2921421}.Release|x86.Build.0 = Release|Any CPU
		{47E0F7EA-B0D3-4D8E-8EBD-CF94E007ECAD}.Debug|Any CPU.ActiveCfg = Debug|Any CPU
		{47E0F7EA-B0D3-4D8E-8EBD-CF94E007ECAD}.Debug|Any CPU.Build.0 = Debug|Any CPU
		{47E0F7EA-B0D3-4D8E-8EBD-CF94E007ECAD}.Debug|ARM.ActiveCfg = Debug|Any CPU
		{47E0F7EA-B0D3-4D8E-8EBD-CF94E007ECAD}.Debug|ARM.Build.0 = Debug|Any CPU
		{47E0F7EA-B0D3-4D8E-8EBD-CF94E007ECAD}.Debug|ARM64.ActiveCfg = Debug|Any CPU
		{47E0F7EA-B0D3-4D8E-8EBD-CF94E007ECAD}.Debug|ARM64.Build.0 = Debug|Any CPU
		{47E0F7EA-B0D3-4D8E-8EBD-CF94E007ECAD}.Debug|iPhone.ActiveCfg = Debug|Any CPU
		{47E0F7EA-B0D3-4D8E-8EBD-CF94E007ECAD}.Debug|iPhone.Build.0 = Debug|Any CPU
		{47E0F7EA-B0D3-4D8E-8EBD-CF94E007ECAD}.Debug|iPhoneSimulator.ActiveCfg = Debug|Any CPU
		{47E0F7EA-B0D3-4D8E-8EBD-CF94E007ECAD}.Debug|iPhoneSimulator.Build.0 = Debug|Any CPU
		{47E0F7EA-B0D3-4D8E-8EBD-CF94E007ECAD}.Debug|x64.ActiveCfg = Debug|x64
		{47E0F7EA-B0D3-4D8E-8EBD-CF94E007ECAD}.Debug|x64.Build.0 = Debug|x64
		{47E0F7EA-B0D3-4D8E-8EBD-CF94E007ECAD}.Debug|x86.ActiveCfg = Debug|Any CPU
		{47E0F7EA-B0D3-4D8E-8EBD-CF94E007ECAD}.Debug|x86.Build.0 = Debug|Any CPU
		{47E0F7EA-B0D3-4D8E-8EBD-CF94E007ECAD}.Release|Any CPU.ActiveCfg = Release|Any CPU
		{47E0F7EA-B0D3-4D8E-8EBD-CF94E007ECAD}.Release|Any CPU.Build.0 = Release|Any CPU
		{47E0F7EA-B0D3-4D8E-8EBD-CF94E007ECAD}.Release|ARM.ActiveCfg = Release|Any CPU
		{47E0F7EA-B0D3-4D8E-8EBD-CF94E007ECAD}.Release|ARM.Build.0 = Release|Any CPU
		{47E0F7EA-B0D3-4D8E-8EBD-CF94E007ECAD}.Release|ARM64.ActiveCfg = Release|Any CPU
		{47E0F7EA-B0D3-4D8E-8EBD-CF94E007ECAD}.Release|ARM64.Build.0 = Release|Any CPU
		{47E0F7EA-B0D3-4D8E-8EBD-CF94E007ECAD}.Release|iPhone.ActiveCfg = Release|Any CPU
		{47E0F7EA-B0D3-4D8E-8EBD-CF94E007ECAD}.Release|iPhone.Build.0 = Release|Any CPU
		{47E0F7EA-B0D3-4D8E-8EBD-CF94E007ECAD}.Release|iPhoneSimulator.ActiveCfg = Release|Any CPU
		{47E0F7EA-B0D3-4D8E-8EBD-CF94E007ECAD}.Release|iPhoneSimulator.Build.0 = Release|Any CPU
		{47E0F7EA-B0D3-4D8E-8EBD-CF94E007ECAD}.Release|x64.ActiveCfg = Release|x64
		{47E0F7EA-B0D3-4D8E-8EBD-CF94E007ECAD}.Release|x64.Build.0 = Release|x64
		{47E0F7EA-B0D3-4D8E-8EBD-CF94E007ECAD}.Release|x86.ActiveCfg = Release|Any CPU
		{47E0F7EA-B0D3-4D8E-8EBD-CF94E007ECAD}.Release|x86.Build.0 = Release|Any CPU
		{9590E1C3-19F4-4C50-A692-63C78F1B4DF9}.Debug|Any CPU.ActiveCfg = Debug|Any CPU
		{9590E1C3-19F4-4C50-A692-63C78F1B4DF9}.Debug|Any CPU.Build.0 = Debug|Any CPU
		{9590E1C3-19F4-4C50-A692-63C78F1B4DF9}.Debug|Any CPU.Deploy.0 = Debug|Any CPU
		{9590E1C3-19F4-4C50-A692-63C78F1B4DF9}.Debug|ARM.ActiveCfg = Debug|Any CPU
		{9590E1C3-19F4-4C50-A692-63C78F1B4DF9}.Debug|ARM.Build.0 = Debug|Any CPU
		{9590E1C3-19F4-4C50-A692-63C78F1B4DF9}.Debug|ARM.Deploy.0 = Debug|Any CPU
		{9590E1C3-19F4-4C50-A692-63C78F1B4DF9}.Debug|ARM64.ActiveCfg = Debug|Any CPU
		{9590E1C3-19F4-4C50-A692-63C78F1B4DF9}.Debug|ARM64.Build.0 = Debug|Any CPU
		{9590E1C3-19F4-4C50-A692-63C78F1B4DF9}.Debug|ARM64.Deploy.0 = Debug|Any CPU
		{9590E1C3-19F4-4C50-A692-63C78F1B4DF9}.Debug|iPhone.ActiveCfg = Debug|Any CPU
		{9590E1C3-19F4-4C50-A692-63C78F1B4DF9}.Debug|iPhone.Build.0 = Debug|Any CPU
		{9590E1C3-19F4-4C50-A692-63C78F1B4DF9}.Debug|iPhone.Deploy.0 = Debug|Any CPU
		{9590E1C3-19F4-4C50-A692-63C78F1B4DF9}.Debug|iPhoneSimulator.ActiveCfg = Debug|Any CPU
		{9590E1C3-19F4-4C50-A692-63C78F1B4DF9}.Debug|iPhoneSimulator.Build.0 = Debug|Any CPU
		{9590E1C3-19F4-4C50-A692-63C78F1B4DF9}.Debug|iPhoneSimulator.Deploy.0 = Debug|Any CPU
		{9590E1C3-19F4-4C50-A692-63C78F1B4DF9}.Debug|x64.ActiveCfg = Debug|x64
		{9590E1C3-19F4-4C50-A692-63C78F1B4DF9}.Debug|x64.Build.0 = Debug|x64
		{9590E1C3-19F4-4C50-A692-63C78F1B4DF9}.Debug|x64.Deploy.0 = Debug|x64
		{9590E1C3-19F4-4C50-A692-63C78F1B4DF9}.Debug|x86.ActiveCfg = Debug|Any CPU
		{9590E1C3-19F4-4C50-A692-63C78F1B4DF9}.Debug|x86.Build.0 = Debug|Any CPU
		{9590E1C3-19F4-4C50-A692-63C78F1B4DF9}.Debug|x86.Deploy.0 = Debug|Any CPU
		{9590E1C3-19F4-4C50-A692-63C78F1B4DF9}.Release|Any CPU.ActiveCfg = Release|Any CPU
		{9590E1C3-19F4-4C50-A692-63C78F1B4DF9}.Release|Any CPU.Build.0 = Release|Any CPU
		{9590E1C3-19F4-4C50-A692-63C78F1B4DF9}.Release|Any CPU.Deploy.0 = Release|Any CPU
		{9590E1C3-19F4-4C50-A692-63C78F1B4DF9}.Release|ARM.ActiveCfg = Release|Any CPU
		{9590E1C3-19F4-4C50-A692-63C78F1B4DF9}.Release|ARM.Build.0 = Release|Any CPU
		{9590E1C3-19F4-4C50-A692-63C78F1B4DF9}.Release|ARM.Deploy.0 = Release|Any CPU
		{9590E1C3-19F4-4C50-A692-63C78F1B4DF9}.Release|ARM64.ActiveCfg = Release|Any CPU
		{9590E1C3-19F4-4C50-A692-63C78F1B4DF9}.Release|ARM64.Build.0 = Release|Any CPU
		{9590E1C3-19F4-4C50-A692-63C78F1B4DF9}.Release|ARM64.Deploy.0 = Release|Any CPU
		{9590E1C3-19F4-4C50-A692-63C78F1B4DF9}.Release|iPhone.ActiveCfg = Release|Any CPU
		{9590E1C3-19F4-4C50-A692-63C78F1B4DF9}.Release|iPhone.Build.0 = Release|Any CPU
		{9590E1C3-19F4-4C50-A692-63C78F1B4DF9}.Release|iPhone.Deploy.0 = Release|Any CPU
		{9590E1C3-19F4-4C50-A692-63C78F1B4DF9}.Release|iPhoneSimulator.ActiveCfg = Release|Any CPU
		{9590E1C3-19F4-4C50-A692-63C78F1B4DF9}.Release|iPhoneSimulator.Build.0 = Release|Any CPU
		{9590E1C3-19F4-4C50-A692-63C78F1B4DF9}.Release|iPhoneSimulator.Deploy.0 = Release|Any CPU
		{9590E1C3-19F4-4C50-A692-63C78F1B4DF9}.Release|x64.ActiveCfg = Release|x64
		{9590E1C3-19F4-4C50-A692-63C78F1B4DF9}.Release|x64.Build.0 = Release|x64
		{9590E1C3-19F4-4C50-A692-63C78F1B4DF9}.Release|x64.Deploy.0 = Release|x64
		{9590E1C3-19F4-4C50-A692-63C78F1B4DF9}.Release|x86.ActiveCfg = Release|Any CPU
		{9590E1C3-19F4-4C50-A692-63C78F1B4DF9}.Release|x86.Build.0 = Release|Any CPU
		{9590E1C3-19F4-4C50-A692-63C78F1B4DF9}.Release|x86.Deploy.0 = Release|Any CPU
		{3192BCA3-43A1-44F1-87A0-1DF05C9FD3A3}.Debug|Any CPU.ActiveCfg = Debug|Any CPU
		{3192BCA3-43A1-44F1-87A0-1DF05C9FD3A3}.Debug|Any CPU.Build.0 = Debug|Any CPU
		{3192BCA3-43A1-44F1-87A0-1DF05C9FD3A3}.Debug|ARM.ActiveCfg = Debug|Any CPU
		{3192BCA3-43A1-44F1-87A0-1DF05C9FD3A3}.Debug|ARM.Build.0 = Debug|Any CPU
		{3192BCA3-43A1-44F1-87A0-1DF05C9FD3A3}.Debug|ARM64.ActiveCfg = Debug|Any CPU
		{3192BCA3-43A1-44F1-87A0-1DF05C9FD3A3}.Debug|ARM64.Build.0 = Debug|Any CPU
		{3192BCA3-43A1-44F1-87A0-1DF05C9FD3A3}.Debug|iPhone.ActiveCfg = Debug|Any CPU
		{3192BCA3-43A1-44F1-87A0-1DF05C9FD3A3}.Debug|iPhone.Build.0 = Debug|Any CPU
		{3192BCA3-43A1-44F1-87A0-1DF05C9FD3A3}.Debug|iPhoneSimulator.ActiveCfg = Debug|Any CPU
		{3192BCA3-43A1-44F1-87A0-1DF05C9FD3A3}.Debug|iPhoneSimulator.Build.0 = Debug|Any CPU
		{3192BCA3-43A1-44F1-87A0-1DF05C9FD3A3}.Debug|x64.ActiveCfg = Debug|x64
		{3192BCA3-43A1-44F1-87A0-1DF05C9FD3A3}.Debug|x64.Build.0 = Debug|x64
		{3192BCA3-43A1-44F1-87A0-1DF05C9FD3A3}.Debug|x86.ActiveCfg = Debug|Any CPU
		{3192BCA3-43A1-44F1-87A0-1DF05C9FD3A3}.Debug|x86.Build.0 = Debug|Any CPU
		{3192BCA3-43A1-44F1-87A0-1DF05C9FD3A3}.Release|Any CPU.ActiveCfg = Release|Any CPU
		{3192BCA3-43A1-44F1-87A0-1DF05C9FD3A3}.Release|Any CPU.Build.0 = Release|Any CPU
		{3192BCA3-43A1-44F1-87A0-1DF05C9FD3A3}.Release|ARM.ActiveCfg = Release|Any CPU
		{3192BCA3-43A1-44F1-87A0-1DF05C9FD3A3}.Release|ARM.Build.0 = Release|Any CPU
		{3192BCA3-43A1-44F1-87A0-1DF05C9FD3A3}.Release|ARM64.ActiveCfg = Release|Any CPU
		{3192BCA3-43A1-44F1-87A0-1DF05C9FD3A3}.Release|ARM64.Build.0 = Release|Any CPU
		{3192BCA3-43A1-44F1-87A0-1DF05C9FD3A3}.Release|iPhone.ActiveCfg = Release|Any CPU
		{3192BCA3-43A1-44F1-87A0-1DF05C9FD3A3}.Release|iPhone.Build.0 = Release|Any CPU
		{3192BCA3-43A1-44F1-87A0-1DF05C9FD3A3}.Release|iPhoneSimulator.ActiveCfg = Release|Any CPU
		{3192BCA3-43A1-44F1-87A0-1DF05C9FD3A3}.Release|iPhoneSimulator.Build.0 = Release|Any CPU
		{3192BCA3-43A1-44F1-87A0-1DF05C9FD3A3}.Release|x64.ActiveCfg = Release|x64
		{3192BCA3-43A1-44F1-87A0-1DF05C9FD3A3}.Release|x64.Build.0 = Release|x64
		{3192BCA3-43A1-44F1-87A0-1DF05C9FD3A3}.Release|x86.ActiveCfg = Release|Any CPU
		{3192BCA3-43A1-44F1-87A0-1DF05C9FD3A3}.Release|x86.Build.0 = Release|Any CPU
		{2DEB9F85-90A5-4DED-926F-44DCD5A46C28}.Debug|Any CPU.ActiveCfg = Debug|iPhoneSimulator
		{2DEB9F85-90A5-4DED-926F-44DCD5A46C28}.Debug|Any CPU.Build.0 = Debug|iPhoneSimulator
		{2DEB9F85-90A5-4DED-926F-44DCD5A46C28}.Debug|ARM.ActiveCfg = Debug|iPhoneSimulator
		{2DEB9F85-90A5-4DED-926F-44DCD5A46C28}.Debug|ARM.Build.0 = Debug|iPhoneSimulator
		{2DEB9F85-90A5-4DED-926F-44DCD5A46C28}.Debug|ARM64.ActiveCfg = Debug|iPhoneSimulator
		{2DEB9F85-90A5-4DED-926F-44DCD5A46C28}.Debug|ARM64.Build.0 = Debug|iPhoneSimulator
		{2DEB9F85-90A5-4DED-926F-44DCD5A46C28}.Debug|iPhone.ActiveCfg = Debug|iPhone
		{2DEB9F85-90A5-4DED-926F-44DCD5A46C28}.Debug|iPhone.Build.0 = Debug|iPhone
		{2DEB9F85-90A5-4DED-926F-44DCD5A46C28}.Debug|iPhoneSimulator.ActiveCfg = Debug|iPhoneSimulator
		{2DEB9F85-90A5-4DED-926F-44DCD5A46C28}.Debug|iPhoneSimulator.Build.0 = Debug|iPhoneSimulator
		{2DEB9F85-90A5-4DED-926F-44DCD5A46C28}.Debug|x64.ActiveCfg = Debug|iPhoneSimulator
		{2DEB9F85-90A5-4DED-926F-44DCD5A46C28}.Debug|x64.Build.0 = Debug|iPhoneSimulator
		{2DEB9F85-90A5-4DED-926F-44DCD5A46C28}.Debug|x86.ActiveCfg = Debug|iPhoneSimulator
		{2DEB9F85-90A5-4DED-926F-44DCD5A46C28}.Debug|x86.Build.0 = Debug|iPhoneSimulator
		{2DEB9F85-90A5-4DED-926F-44DCD5A46C28}.Release|Any CPU.ActiveCfg = Release|iPhoneSimulator
		{2DEB9F85-90A5-4DED-926F-44DCD5A46C28}.Release|Any CPU.Build.0 = Release|iPhoneSimulator
		{2DEB9F85-90A5-4DED-926F-44DCD5A46C28}.Release|ARM.ActiveCfg = Release|iPhoneSimulator
		{2DEB9F85-90A5-4DED-926F-44DCD5A46C28}.Release|ARM.Build.0 = Release|iPhoneSimulator
		{2DEB9F85-90A5-4DED-926F-44DCD5A46C28}.Release|ARM64.ActiveCfg = Release|iPhoneSimulator
		{2DEB9F85-90A5-4DED-926F-44DCD5A46C28}.Release|ARM64.Build.0 = Release|iPhoneSimulator
		{2DEB9F85-90A5-4DED-926F-44DCD5A46C28}.Release|iPhone.ActiveCfg = Release|iPhone
		{2DEB9F85-90A5-4DED-926F-44DCD5A46C28}.Release|iPhone.Build.0 = Release|iPhone
		{2DEB9F85-90A5-4DED-926F-44DCD5A46C28}.Release|iPhoneSimulator.ActiveCfg = Release|iPhoneSimulator
		{2DEB9F85-90A5-4DED-926F-44DCD5A46C28}.Release|iPhoneSimulator.Build.0 = Release|iPhoneSimulator
		{2DEB9F85-90A5-4DED-926F-44DCD5A46C28}.Release|x64.ActiveCfg = Release|iPhoneSimulator
		{2DEB9F85-90A5-4DED-926F-44DCD5A46C28}.Release|x64.Build.0 = Release|iPhoneSimulator
		{2DEB9F85-90A5-4DED-926F-44DCD5A46C28}.Release|x86.ActiveCfg = Release|iPhoneSimulator
		{2DEB9F85-90A5-4DED-926F-44DCD5A46C28}.Release|x86.Build.0 = Release|iPhoneSimulator
	EndGlobalSection
	GlobalSection(SolutionProperties) = preSolution
		HideSolutionNode = FALSE
	EndGlobalSection
	GlobalSection(NestedProjects) = preSolution
		{09B551B4-D624-42C2-B0EC-7A5B4F13CFA7} = {58F7D908-CFCC-44F9-947A-DF3CB5C8970C}
		{CB9DD620-32C9-4DF6-B528-F0152383200D} = {58F7D908-CFCC-44F9-947A-DF3CB5C8970C}
		{D07316F6-0EE2-4E4A-81FE-430348332575} = {58F7D908-CFCC-44F9-947A-DF3CB5C8970C}
		{A7769739-B590-4CA4-A998-5599A2921421} = {58F7D908-CFCC-44F9-947A-DF3CB5C8970C}
		{47E0F7EA-B0D3-4D8E-8EBD-CF94E007ECAD} = {58F7D908-CFCC-44F9-947A-DF3CB5C8970C}
		{9590E1C3-19F4-4C50-A692-63C78F1B4DF9} = {E0117077-35B3-4045-A3DE-58C1CA5CC6A8}
		{3192BCA3-43A1-44F1-87A0-1DF05C9FD3A3} = {E0117077-35B3-4045-A3DE-58C1CA5CC6A8}
		{2DEB9F85-90A5-4DED-926F-44DCD5A46C28} = {E0117077-35B3-4045-A3DE-58C1CA5CC6A8}
	EndGlobalSection
	GlobalSection(ExtensibilityGlobals) = postSolution
		SolutionGuid = {723ACE2E-6047-4757-A04F-BCB97CEACFD3}
	EndGlobalSection
EndGlobal
